
Microsoft Visual Studio Solution File, Format Version 12.00
# Visual Studio Version 16
VisualStudioVersion = 16.0.31410.357
MinimumVisualStudioVersion = 10.0.40219.1
Project("{FAE04EC0-301F-11D3-BF4B-00C04F79EFBC}") = "TestWorkForAlgoTecture.Parser", "TestWorkForAlgoTecture.Parser\TestWorkForAlgoTecture.Parser.csproj", "{FF3811D5-C593-4EEE-AF11-1F52A4D7449E}"
EndProject
Global
	GlobalSection(SolutionConfigurationPlatforms) = preSolution
		Debug|Any CPU = Debug|Any CPU
		Release|Any CPU = Release|Any CPU
	EndGlobalSection
	GlobalSection(ProjectConfigurationPlatforms) = postSolution
		{FF3811D5-C593-4EEE-AF11-1F52A4D7449E}.Debug|Any CPU.ActiveCfg = Debug|Any CPU
		{FF3811D5-C593-4EEE-AF11-1F52A4D7449E}.Debug|Any CPU.Build.0 = Debug|Any CPU
		{FF3811D5-C593-4EEE-AF11-1F52A4D7449E}.Release|Any CPU.ActiveCfg = Release|Any CPU
		{FF3811D5-C593-4EEE-AF11-1F52A4D7449E}.Release|Any CPU.Build.0 = Release|Any CPU
	EndGlobalSection
	GlobalSection(SolutionProperties) = preSolution
		HideSolutionNode = FALSE
	EndGlobalSection
	GlobalSection(ExtensibilityGlobals) = postSolution
		SolutionGuid = {C1F5ED42-CA78-412C-B868-50173A45C37B}
	EndGlobalSection
EndGlobal
